
Microsoft Visual Studio Solution File, Format Version 12.00
# Visual Studio Version 17
VisualStudioVersion = 17.7.34221.43
MinimumVisualStudioVersion = 10.0.40219.1
Project("{9A19103F-16F7-4668-BE54-9A1E7A4F7556}") = "FliclibDotNetClient", "FliclibDotNetClient\src\FliclibDotNetClient\FliclibDotNetClient.csproj", "{F258C8D0-D7DE-49C7-83D1-0117EC7C3331}"
EndProject
Project("{9A19103F-16F7-4668-BE54-9A1E7A4F7556}") = "FlicLibTest", "GUISample\FlicLibTest\FlicLibTest.csproj", "{F076E897-BCE8-4934-858C-4C512A8C769E}"
EndProject
Project("{FAE04EC0-301F-11D3-BF4B-00C04F79EFBC}") = "FlicLibTests", "FlicLibTests\FlicLibTests.csproj", "{ECA21BE2-C192-4944-A5B5-DB7ACF6E26ED}"
EndProject
Global
	GlobalSection(SolutionConfigurationPlatforms) = preSolution
		Debug|Any CPU = Debug|Any CPU
		Release|Any CPU = Release|Any CPU
	EndGlobalSection
	GlobalSection(ProjectConfigurationPlatforms) = postSolution
		{F258C8D0-D7DE-49C7-83D1-0117EC7C3331}.Debug|Any CPU.ActiveCfg = Debug|Any CPU
		{F258C8D0-D7DE-49C7-83D1-0117EC7C3331}.Debug|Any CPU.Build.0 = Debug|Any CPU
		{F258C8D0-D7DE-49C7-83D1-0117EC7C3331}.Release|Any CPU.ActiveCfg = Release|Any CPU
		{F258C8D0-D7DE-49C7-83D1-0117EC7C3331}.Release|Any CPU.Build.0 = Release|Any CPU
		{F076E897-BCE8-4934-858C-4C512A8C769E}.Debug|Any CPU.ActiveCfg = Debug|Any CPU
		{F076E897-BCE8-4934-858C-4C512A8C769E}.Debug|Any CPU.Build.0 = Debug|Any CPU
		{F076E897-BCE8-4934-858C-4C512A8C769E}.Release|Any CPU.ActiveCfg = Release|Any CPU
		{F076E897-BCE8-4934-858C-4C512A8C769E}.Release|Any CPU.Build.0 = Release|Any CPU
		{ECA21BE2-C192-4944-A5B5-DB7ACF6E26ED}.Debug|Any CPU.ActiveCfg = Debug|Any CPU
		{ECA21BE2-C192-4944-A5B5-DB7ACF6E26ED}.Debug|Any CPU.Build.0 = Debug|Any CPU
		{ECA21BE2-C192-4944-A5B5-DB7ACF6E26ED}.Release|Any CPU.ActiveCfg = Release|Any CPU
		{ECA21BE2-C192-4944-A5B5-DB7ACF6E26ED}.Release|Any CPU.Build.0 = Release|Any CPU
	EndGlobalSection
	GlobalSection(SolutionProperties) = preSolution
		HideSolutionNode = FALSE
	EndGlobalSection
	GlobalSection(ExtensibilityGlobals) = postSolution
		SolutionGuid = {501875BB-F27F-4FBD-A6A1-9705AEEDAD35}
	EndGlobalSection
EndGlobal
